
Microsoft Visual Studio Solution File, Format Version 12.00
# Visual Studio Version 17
VisualStudioVersion = 17.8.34330.188
MinimumVisualStudioVersion = 10.0.40219.1
Project("{F184B08F-C81C-45F6-A57F-5ABD9991F28F}") = "SayMyNameBetter", "SayMyNameBetter.vbproj", "{F0E0A558-5C36-4E98-B85F-5EF92E2B1A4E}"
EndProject
Global
	GlobalSection(SolutionConfigurationPlatforms) = preSolution
		Debug|Any CPU = Debug|Any CPU
		Release|Any CPU = Release|Any CPU
	EndGlobalSection
	GlobalSection(ProjectConfigurationPlatforms) = postSolution
		{F0E0A558-5C36-4E98-B85F-5EF92E2B1A4E}.Debug|Any CPU.ActiveCfg = Debug|Any CPU
		{F0E0A558-5C36-4E98-B85F-5EF92E2B1A4E}.Debug|Any CPU.Build.0 = Debug|Any CPU
		{F0E0A558-5C36-4E98-B85F-5EF92E2B1A4E}.Release|Any CPU.ActiveCfg = Release|Any CPU
		{F0E0A558-5C36-4E98-B85F-5EF92E2B1A4E}.Release|Any CPU.Build.0 = Release|Any CPU
	EndGlobalSection
	GlobalSection(SolutionProperties) = preSolution
		HideSolutionNode = FALSE
	EndGlobalSection
	GlobalSection(ExtensibilityGlobals) = postSolution
		SolutionGuid = {04CDB699-284F-4493-B654-1D5405D39D81}
	EndGlobalSection
EndGlobal
